
Microsoft Visual Studio Solution File, Format Version 12.00
# Visual Studio Version 16
VisualStudioVersion = 16.0.29911.84
MinimumVisualStudioVersion = 10.0.40219.1
Project("{FAE04EC0-301F-11D3-BF4B-00C04F79EFBC}") = "RcoResendBuffer", "RcoResendBuffer\RcoResendBuffer.csproj", "{CA4A86A4-4944-41E8-8BEB-71E39D8EDABC}"
EndProject
Global
	GlobalSection(SolutionConfigurationPlatforms) = preSolution
		Debug|Any CPU = Debug|Any CPU
		Release|Any CPU = Release|Any CPU
	EndGlobalSection
	GlobalSection(ProjectConfigurationPlatforms) = postSolution
		{CA4A86A4-4944-41E8-8BEB-71E39D8EDABC}.Debug|Any CPU.ActiveCfg = Debug|Any CPU
		{CA4A86A4-4944-41E8-8BEB-71E39D8EDABC}.Debug|Any CPU.Build.0 = Debug|Any CPU
		{CA4A86A4-4944-41E8-8BEB-71E39D8EDABC}.Release|Any CPU.ActiveCfg = Release|Any CPU
		{CA4A86A4-4944-41E8-8BEB-71E39D8EDABC}.Release|Any CPU.Build.0 = Release|Any CPU
	EndGlobalSection
	GlobalSection(SolutionProperties) = preSolution
		HideSolutionNode = FALSE
	EndGlobalSection
	GlobalSection(ExtensibilityGlobals) = postSolution
		SolutionGuid = {28E397B5-BCEF-4C8C-AB05-41D17C78F113}
	EndGlobalSection
EndGlobal
